{
  "name": "webix-task",
  "lockfileVersion": 3,
  "requires": true,
  "packages": {
    "": {
      "dependencies": {
        "webix": "^11.0.0"
      }
    },
    "node_modules/webix": {
      "version": "11.0.0",
      "resolved": "https://registry.npmjs.org/webix/-/webix-11.0.0.tgz",
      "integrity": "sha512-qvzHrsb37uTwXpWRGyOjgfE48Mz1i3EufHSTNubS1s57JR92hARSyPjzov0Oe2b+NNDzGB79Bgzo+bvhoHitrA==",
      "license": "SEE LICENSE IN license.text"
    }
  }
}
